
Microsoft Visual Studio Solution File, Format Version 12.00
# Visual Studio Version 17
VisualStudioVersion = 17.5.002.0
MinimumVisualStudioVersion = 10.0.40219.1
Project("{9A19103F-16F7-4668-BE54-9A1E7A4F7556}") = "dotnet-docker-webapi", "dotnet-docker-webapi.csproj", "{D93C8CE1-A50A-4B7E-A6A1-93F68A2213FE}"
EndProject
Global
	GlobalSection(SolutionConfigurationPlatforms) = preSolution
		Debug|Any CPU = Debug|Any CPU
		Release|Any CPU = Release|Any CPU
	EndGlobalSection
	GlobalSection(ProjectConfigurationPlatforms) = postSolution
		{D93C8CE1-A50A-4B7E-A6A1-93F68A2213FE}.Debug|Any CPU.ActiveCfg = Debug|Any CPU
		{D93C8CE1-A50A-4B7E-A6A1-93F68A2213FE}.Debug|Any CPU.Build.0 = Debug|Any CPU
		{D93C8CE1-A50A-4B7E-A6A1-93F68A2213FE}.Release|Any CPU.ActiveCfg = Release|Any CPU
		{D93C8CE1-A50A-4B7E-A6A1-93F68A2213FE}.Release|Any CPU.Build.0 = Release|Any CPU
	EndGlobalSection
	GlobalSection(SolutionProperties) = preSolution
		HideSolutionNode = FALSE
	EndGlobalSection
	GlobalSection(ExtensibilityGlobals) = postSolution
		SolutionGuid = {494A1CB7-C22F-444C-AC5B-7A22EB3A553D}
	EndGlobalSection
EndGlobal
